
Microsoft Visual Studio Solution File, Format Version 12.00
# Visual Studio Version 17
VisualStudioVersion = 17.9.34622.214
MinimumVisualStudioVersion = 10.0.40219.1
Project("{FAE04EC0-301F-11D3-BF4B-00C04F79EFBC}") = "CrudTestar", "CrudTestar\CrudTestar.csproj", "{0A426455-FDC9-442F-B1AA-D4FE7B0FD27F}"
EndProject
Global
	GlobalSection(SolutionConfigurationPlatforms) = preSolution
		Debug|Any CPU = Debug|Any CPU
		Release|Any CPU = Release|Any CPU
	EndGlobalSection
	GlobalSection(ProjectConfigurationPlatforms) = postSolution
		{0A426455-FDC9-442F-B1AA-D4FE7B0FD27F}.Debug|Any CPU.ActiveCfg = Debug|Any CPU
		{0A426455-FDC9-442F-B1AA-D4FE7B0FD27F}.Debug|Any CPU.Build.0 = Debug|Any CPU
		{0A426455-FDC9-442F-B1AA-D4FE7B0FD27F}.Release|Any CPU.ActiveCfg = Release|Any CPU
		{0A426455-FDC9-442F-B1AA-D4FE7B0FD27F}.Release|Any CPU.Build.0 = Release|Any CPU
	EndGlobalSection
	GlobalSection(SolutionProperties) = preSolution
		HideSolutionNode = FALSE
	EndGlobalSection
	GlobalSection(ExtensibilityGlobals) = postSolution
		SolutionGuid = {E2CC5C75-EF8E-49F6-8E23-B3B4483ED5EB}
	EndGlobalSection
EndGlobal
